
Microsoft Visual Studio Solution File, Format Version 12.00
# Visual Studio Version 17
VisualStudioVersion = 17.1.32319.34
MinimumVisualStudioVersion = 10.0.40219.1
Project("{FAE04EC0-301F-11D3-BF4B-00C04F79EFBC}") = "CursWorkAvalonia", "CursWorkAvalonia\CursWorkAvalonia.csproj", "{997113C4-69AB-42CD-BF42-6EED97AD7449}"
EndProject
Global
	GlobalSection(SolutionConfigurationPlatforms) = preSolution
		Debug|Any CPU = Debug|Any CPU
		Release|Any CPU = Release|Any CPU
	EndGlobalSection
	GlobalSection(ProjectConfigurationPlatforms) = postSolution
		{997113C4-69AB-42CD-BF42-6EED97AD7449}.Debug|Any CPU.ActiveCfg = Debug|Any CPU
		{997113C4-69AB-42CD-BF42-6EED97AD7449}.Debug|Any CPU.Build.0 = Debug|Any CPU
		{997113C4-69AB-42CD-BF42-6EED97AD7449}.Release|Any CPU.ActiveCfg = Release|Any CPU
		{997113C4-69AB-42CD-BF42-6EED97AD7449}.Release|Any CPU.Build.0 = Release|Any CPU
	EndGlobalSection
	GlobalSection(SolutionProperties) = preSolution
		HideSolutionNode = FALSE
	EndGlobalSection
	GlobalSection(ExtensibilityGlobals) = postSolution
		SolutionGuid = {E8EB9A19-F867-404C-8EB7-F1F53905AAE7}
	EndGlobalSection
EndGlobal
